
Microsoft Visual Studio Solution File, Format Version 12.00
# Visual Studio Version 17
VisualStudioVersion = 17.10.34916.146
MinimumVisualStudioVersion = 10.0.40219.1
Project("{FAE04EC0-301F-11D3-BF4B-00C04F79EFBC}") = "Netflix_T3", "Netflix_T3\Netflix_T3.csproj", "{4846AB60-9213-4019-9159-17A9DF69ABE3}"
EndProject
Global
	GlobalSection(SolutionConfigurationPlatforms) = preSolution
		Debug|Any CPU = Debug|Any CPU
		Release|Any CPU = Release|Any CPU
	EndGlobalSection
	GlobalSection(ProjectConfigurationPlatforms) = postSolution
		{4846AB60-9213-4019-9159-17A9DF69ABE3}.Debug|Any CPU.ActiveCfg = Debug|Any CPU
		{4846AB60-9213-4019-9159-17A9DF69ABE3}.Debug|Any CPU.Build.0 = Debug|Any CPU
		{4846AB60-9213-4019-9159-17A9DF69ABE3}.Release|Any CPU.ActiveCfg = Release|Any CPU
		{4846AB60-9213-4019-9159-17A9DF69ABE3}.Release|Any CPU.Build.0 = Release|Any CPU
	EndGlobalSection
	GlobalSection(SolutionProperties) = preSolution
		HideSolutionNode = FALSE
	EndGlobalSection
	GlobalSection(ExtensibilityGlobals) = postSolution
		SolutionGuid = {A547975F-BB31-4278-8DE1-311FF13923E2}
	EndGlobalSection
EndGlobal
